{
  "requires": true,
  "lockfileVersion": 1,
  "dependencies": {
    "esm": {
      "version": "3.0.65",
      "resolved": "https://registry.npmjs.org/esm/-/esm-3.0.65.tgz",
      "integrity": "sha512-9sfOGvKCM5yszYMGSicv0A7dBDdQ4v5RUWGn3UH30ejI9kBTeSdbMMMW2fHBby2h/RYCCJS8UnKY2f5rBGv1sg=="
    }
  }
}
